
Microsoft Visual Studio Solution File, Format Version 12.00
# Visual Studio Version 17
VisualStudioVersion = 17.6.33829.357
MinimumVisualStudioVersion = 10.0.40219.1
Project("{9A19103F-16F7-4668-BE54-9A1E7A4F7556}") = "DesafioFundamentos", "trilha-net-fundamentos-desafio\DesafioFundamentos\DesafioFundamentos.csproj", "{8B3ACB54-BDE1-471F-B071-A231FD9EF60C}"
EndProject
Global
	GlobalSection(SolutionConfigurationPlatforms) = preSolution
		Debug|Any CPU = Debug|Any CPU
		Release|Any CPU = Release|Any CPU
	EndGlobalSection
	GlobalSection(ProjectConfigurationPlatforms) = postSolution
		{8B3ACB54-BDE1-471F-B071-A231FD9EF60C}.Debug|Any CPU.ActiveCfg = Debug|Any CPU
		{8B3ACB54-BDE1-471F-B071-A231FD9EF60C}.Debug|Any CPU.Build.0 = Debug|Any CPU
		{8B3ACB54-BDE1-471F-B071-A231FD9EF60C}.Release|Any CPU.ActiveCfg = Release|Any CPU
		{8B3ACB54-BDE1-471F-B071-A231FD9EF60C}.Release|Any CPU.Build.0 = Release|Any CPU
	EndGlobalSection
	GlobalSection(SolutionProperties) = preSolution
		HideSolutionNode = FALSE
	EndGlobalSection
	GlobalSection(ExtensibilityGlobals) = postSolution
		SolutionGuid = {B99BBD2B-BA66-4165-8ABD-050EAE342F76}
	EndGlobalSection
EndGlobal
